Microsoft Visual Studio Solution File, Format Version 12.00
# Visual Studio Version 17
VisualStudioVersion = 17.5.2.0
MinimumVisualStudioVersion = 10.0.40219.1
Project("{FAE04EC0-301F-11D3-BF4B-00C04F79EFBC}") = "MyGameServer", "MyGameServer.csproj", "{AD014EC2-0877-0946-B989-54568F6B8F85}"
EndProject
Global
	GlobalSection(SolutionConfigurationPlatforms) = preSolution
		Debug|Any CPU = Debug|Any CPU
		Release|Any CPU = Release|Any CPU
	EndGlobalSection
	GlobalSection(ProjectConfigurationPlatforms) = postSolution
		{AD014EC2-0877-0946-B989-54568F6B8F85}.Debug|Any CPU.ActiveCfg = Debug|Any CPU
		{AD014EC2-0877-0946-B989-54568F6B8F85}.Debug|Any CPU.Build.0 = Debug|Any CPU
		{AD014EC2-0877-0946-B989-54568F6B8F85}.Release|Any CPU.ActiveCfg = Release|Any CPU
		{AD014EC2-0877-0946-B989-54568F6B8F85}.Release|Any CPU.Build.0 = Release|Any CPU
	EndGlobalSection
	GlobalSection(SolutionProperties) = preSolution
		HideSolutionNode = FALSE
	EndGlobalSection
	GlobalSection(ExtensibilityGlobals) = postSolution
		SolutionGuid = {A7ECF5BA-477A-4E85-8079-AD990A852D0D}
	EndGlobalSection
EndGlobal
